
Microsoft Visual Studio Solution File, Format Version 12.00
# Visual Studio Version 17
VisualStudioVersion = 17.0.31919.166
MinimumVisualStudioVersion = 10.0.40219.1
Project("{2150E333-8FDC-42A3-9474-1A3956D46DE8}") = "Service", "Service", "{D8F96363-B8D9-496E-88CB-B93C30913740}"
EndProject
Project("{2150E333-8FDC-42A3-9474-1A3956D46DE8}") = "Catalog", "Catalog", "{BA8ADEA9-31A2-4026-AEE4-7BD954464863}"
EndProject
Project("{9A19103F-16F7-4668-BE54-9A1E7A4F7556}") = "Catalog.API", "Service\Catalog\Catalog.API\Catalog.API.csproj", "{468B6E00-FFD9-4CB4-828C-880BF6F95150}"
EndProject
Project("{E53339B2-1760-4266-BCC7-CA923CBCF16C}") = "docker-compose", "docker-compose.dcproj", "{775B7101-CE28-4DC3-81DE-B5ECD104D983}"
EndProject
Project("{2150E333-8FDC-42A3-9474-1A3956D46DE8}") = "Basket", "Basket", "{ECDCFA48-540F-43FA-939E-03414C6566EB}"
EndProject
Project("{FAE04EC0-301F-11D3-BF4B-00C04F79EFBC}") = "Basket.API", "Service\Basket\Basket.API\Basket.API.csproj", "{C7C0C562-FCBE-425F-8332-D0DAB4504390}"
EndProject
Global
	GlobalSection(SolutionConfigurationPlatforms) = preSolution
		Debug|Any CPU = Debug|Any CPU
		Release|Any CPU = Release|Any CPU
	EndGlobalSection
	GlobalSection(ProjectConfigurationPlatforms) = postSolution
		{468B6E00-FFD9-4CB4-828C-880BF6F95150}.Debug|Any CPU.ActiveCfg = Debug|Any CPU
		{468B6E00-FFD9-4CB4-828C-880BF6F95150}.Debug|Any CPU.Build.0 = Debug|Any CPU
		{468B6E00-FFD9-4CB4-828C-880BF6F95150}.Release|Any CPU.ActiveCfg = Release|Any CPU
		{468B6E00-FFD9-4CB4-828C-880BF6F95150}.Release|Any CPU.Build.0 = Release|Any CPU
		{775B7101-CE28-4DC3-81DE-B5ECD104D983}.Debug|Any CPU.ActiveCfg = Debug|Any CPU
		{775B7101-CE28-4DC3-81DE-B5ECD104D983}.Debug|Any CPU.Build.0 = Debug|Any CPU
		{775B7101-CE28-4DC3-81DE-B5ECD104D983}.Release|Any CPU.ActiveCfg = Release|Any CPU
		{775B7101-CE28-4DC3-81DE-B5ECD104D983}.Release|Any CPU.Build.0 = Release|Any CPU
		{C7C0C562-FCBE-425F-8332-D0DAB4504390}.Debug|Any CPU.ActiveCfg = Debug|Any CPU
		{C7C0C562-FCBE-425F-8332-D0DAB4504390}.Debug|Any CPU.Build.0 = Debug|Any CPU
		{C7C0C562-FCBE-425F-8332-D0DAB4504390}.Release|Any CPU.ActiveCfg = Release|Any CPU
		{C7C0C562-FCBE-425F-8332-D0DAB4504390}.Release|Any CPU.Build.0 = Release|Any CPU
	EndGlobalSection
	GlobalSection(SolutionProperties) = preSolution
		HideSolutionNode = FALSE
	EndGlobalSection
	GlobalSection(NestedProjects) = preSolution
		{BA8ADEA9-31A2-4026-AEE4-7BD954464863} = {D8F96363-B8D9-496E-88CB-B93C30913740}
		{468B6E00-FFD9-4CB4-828C-880BF6F95150} = {BA8ADEA9-31A2-4026-AEE4-7BD954464863}
		{ECDCFA48-540F-43FA-939E-03414C6566EB} = {D8F96363-B8D9-496E-88CB-B93C30913740}
		{C7C0C562-FCBE-425F-8332-D0DAB4504390} = {ECDCFA48-540F-43FA-939E-03414C6566EB}
	EndGlobalSection
	GlobalSection(ExtensibilityGlobals) = postSolution
		SolutionGuid = {D3D1F49E-D8D3-4CDF-9463-DEE2B38F3C1E}
	EndGlobalSection
EndGlobal
